// !$*UTF8*$!
{
	archiveVersion = 1;
	classes = {
	};
	objectVersion = 45;
	objects = {

/* Begin PBXBuildFile section */
		1D3623260D0F684500981E51 /* RCLAppDelegate.m in Sources */ = {isa = PBXBuildFile; fileRef = 1D3623250D0F684500981E51 /* RCLAppDelegate.m */; };
		1D60589B0D05DD56006BFB54 /* main.m in Sources */ = {isa = PBXBuildFile; fileRef = 29B97316FDCFA39411CA2CEA /* main.m */; };
		1D60589F0D05DD5A006BFB54 /* Foundation.framework in Frameworks */ = {isa = PBXBuildFile; fileRef = 1D30AB110D05D00D00671497 /* Foundation.framework */; };
		1DF5F4E00D08C38300B7A737 /* UIKit.framework in Frameworks */ = {isa = PBXBuildFile; fileRef = 1DF5F4DF0D08C38300B7A737 /* UIKit.framework */; };
		2892E4100DC94CBA00A64D0F /* CoreGraphics.framework in Frameworks */ = {isa = PBXBuildFile; fileRef = 2892E40F0DC94CBA00A64D0F /* CoreGraphics.framework */; };
		28AD73600D9D9599002E5188 /* MainWindow.xib in Resources */ = {isa = PBXBuildFile; fileRef = 28AD735F0D9D9599002E5188 /* MainWindow.xib */; };
		28C286E10D94DF7D0034E888 /* RootViewController.m in Sources */ = {isa = PBXBuildFile; fileRef = 28C286E00D94DF7D0034E888 /* RootViewController.m */; };
		28F335F11007B36200424DE2 /* RootViewController.xib in Resources */ = {isa = PBXBuildFile; fileRef = 28F335F01007B36200424DE2 /* RootViewController.xib */; };
		3B07FDFA131322B200CE0476 /* RCLString.m in Sources */ = {isa = PBXBuildFile; fileRef = 3B918DA71303343700776B29 /* RCLString.m */; };
		3B07FDFC131322B200CE0476 /* RCLCache.m in Sources */ = {isa = PBXBuildFile; fileRef = 3B918D8613032E7500776B29 /* RCLCache.m */; };
		3B07FE021313231900CE0476 /* RCLCacheTest.m in Sources */ = {isa = PBXBuildFile; fileRef = 3B07FE011313231900CE0476 /* RCLCacheTest.m */; };
		3B07FE3D131325D400CE0476 /* GTMRegex.m in Sources */ = {isa = PBXBuildFile; fileRef = 3B07FE3C131325D400CE0476 /* GTMRegex.m */; };
		3B07FE401313260700CE0476 /* GTMObjC2Runtime.m in Sources */ = {isa = PBXBuildFile; fileRef = 3B07FE3F1313260700CE0476 /* GTMObjC2Runtime.m */; };
		3B07FE441313262B00CE0476 /* GTMIPhoneUnitTestDelegate.m in Sources */ = {isa = PBXBuildFile; fileRef = 3B07FE421313262B00CE0476 /* GTMIPhoneUnitTestDelegate.m */; };
		3B07FE451313262B00CE0476 /* GTMIPhoneUnitTestMain.m in Sources */ = {isa = PBXBuildFile; fileRef = 3B07FE431313262B00CE0476 /* GTMIPhoneUnitTestMain.m */; };
		3B07FE481313264400CE0476 /* GTMSenTestCase.m in Sources */ = {isa = PBXBuildFile; fileRef = 3B07FE471313264400CE0476 /* GTMSenTestCase.m */; };
		3B07FE4B1313265100CE0476 /* GTMUnitTestDevLog.m in Sources */ = {isa = PBXBuildFile; fileRef = 3B07FE4A1313265100CE0476 /* GTMUnitTestDevLog.m */; };
		3B0868431315B8E10050B886 /* RCLAsyncDownloaderTest.m in Sources */ = {isa = PBXBuildFile; fileRef = 3B0868421315B8E10050B886 /* RCLAsyncDownloaderTest.m */; };
		3B0868541315BD460050B886 /* RCLAsyncDownloader.m in Sources */ = {isa = PBXBuildFile; fileRef = 3B918D8313032E4200776B29 /* RCLAsyncDownloader.m */; };
		3B0868561315BD460050B886 /* RCLAsyncImageView.m in Sources */ = {isa = PBXBuildFile; fileRef = 3B918D8913032EA600776B29 /* RCLAsyncImageView.m */; };
		3B0DC6F6137BF0AD0082D297 /* RCLResources.bundle in Resources */ = {isa = PBXBuildFile; fileRef = 3B0DC6F5137BF0AD0082D297 /* RCLResources.bundle */; };
		3B4766DC138AFD91003B25C1 /* RCLLoadingView.m in Sources */ = {isa = PBXBuildFile; fileRef = 3B4766DB138AFD91003B25C1 /* RCLLoadingView.m */; };
		3B502695133A986F00F2A350 /* RCLMemoryCacheTest.m in Sources */ = {isa = PBXBuildFile; fileRef = 3B502694133A986F00F2A350 /* RCLMemoryCacheTest.m */; };
		3B5026AD133AA7F700F2A350 /* RCLTableViewController.m in Sources */ = {isa = PBXBuildFile; fileRef = 3B5026AB133AA7F700F2A350 /* RCLTableViewController.m */; };
		3B5026AE133AA7F700F2A350 /* RCLTableViewController.m in Sources */ = {isa = PBXBuildFile; fileRef = 3B5026AB133AA7F700F2A350 /* RCLTableViewController.m */; };
		3B5026B4133AB13500F2A350 /* QuartzCore.framework in Frameworks */ = {isa = PBXBuildFile; fileRef = 3B5026B3133AB13500F2A350 /* QuartzCore.framework */; };
		3B5026B5133AB15100F2A350 /* QuartzCore.framework in Frameworks */ = {isa = PBXBuildFile; fileRef = 3B5026B3133AB13500F2A350 /* QuartzCore.framework */; };
		3B814C2F133D3FDA00EAB1F1 /* RCLRefreshTableViewController.m in Sources */ = {isa = PBXBuildFile; fileRef = 3B814C2E133D3FDA00EAB1F1 /* RCLRefreshTableViewController.m */; };
		3B814C30133D3FDA00EAB1F1 /* RCLRefreshTableViewController.m in Sources */ = {isa = PBXBuildFile; fileRef = 3B814C2E133D3FDA00EAB1F1 /* RCLRefreshTableViewController.m */; };
		3B82A00B134CFD3C00C06671 /* RCLMVCExample.m in Sources */ = {isa = PBXBuildFile; fileRef = 3B82A009134CFD3C00C06671 /* RCLMVCExample.m */; };
		3B82A00C134CFD3C00C06671 /* RCLMVCExample.xib in Resources */ = {isa = PBXBuildFile; fileRef = 3B82A00A134CFD3C00C06671 /* RCLMVCExample.xib */; };
		3B82A00F134CFD7900C06671 /* RCLMVCExample.xib in Resources */ = {isa = PBXBuildFile; fileRef = 3B82A00E134CFD7900C06671 /* RCLMVCExample.xib */; };
		3B8955B9137B23BF00144EC5 /* RCLBrowser.m in Sources */ = {isa = PBXBuildFile; fileRef = 3B8955B7137B23BF00144EC5 /* RCLBrowser.m */; };
		3B8C57A9134A5DFB00A2DABF /* RCLMapPin.m in Sources */ = {isa = PBXBuildFile; fileRef = 3B8C57A8134A5DFA00A2DABF /* RCLMapPin.m */; };
		3B8C57AA134A5DFB00A2DABF /* RCLMapPin.m in Sources */ = {isa = PBXBuildFile; fileRef = 3B8C57A8134A5DFA00A2DABF /* RCLMapPin.m */; };
		3B8C57AD134A5E4700A2DABF /* MapKit.framework in Frameworks */ = {isa = PBXBuildFile; fileRef = 3B8C57AC134A5E4700A2DABF /* MapKit.framework */; };
		3B8E32371316FB1200206157 /* RCLMemoryCache.m in Sources */ = {isa = PBXBuildFile; fileRef = 3B8E32361316FB1200206157 /* RCLMemoryCache.m */; };
		3B9148D3133DE24F004C185F /* RCLTVCExample.m in Sources */ = {isa = PBXBuildFile; fileRef = 3B9148D2133DE24F004C185F /* RCLTVCExample.m */; };
		3B918D8413032E4200776B29 /* RCLAsyncDownloader.m in Sources */ = {isa = PBXBuildFile; fileRef = 3B918D8313032E4200776B29 /* RCLAsyncDownloader.m */; };
		3B918D8713032E7500776B29 /* RCLCache.m in Sources */ = {isa = PBXBuildFile; fileRef = 3B918D8613032E7500776B29 /* RCLCache.m */; };
		3B918D8A13032EA600776B29 /* RCLAsyncImageView.m in Sources */ = {isa = PBXBuildFile; fileRef = 3B918D8913032EA600776B29 /* RCLAsyncImageView.m */; };
		3B918DA81303343700776B29 /* RCLString.m in Sources */ = {isa = PBXBuildFile; fileRef = 3B918DA71303343700776B29 /* RCLString.m */; };
		3B92B5BD131AE1D9007AF47C /* RCLMapController.m in Sources */ = {isa = PBXBuildFile; fileRef = 3B92B5BC131AE1D9007AF47C /* RCLMapController.m */; };
/* End PBXBuildFile section */

/* Begin PBXFileReference section */
		1D30AB110D05D00D00671497 /* Foundation.framework */ = {isa = PBXFileReference; lastKnownFileType = wrapper.framework; name = Foundation.framework; path = System/Library/Frameworks/Foundation.framework; sourceTree = SDKROOT; };
		1D3623240D0F684500981E51 /* RCLAppDelegate.h */ = {isa = PBXFileReference; fileEncoding = 4; lastKnownFileType = sourcecode.c.h; path = RCLAppDelegate.h; sourceTree = "<group>"; };
		1D3623250D0F684500981E51 /* RCLAppDelegate.m */ = {isa = PBXFileReference; fileEncoding = 4; lastKnownFileType = sourcecode.c.objc; path = RCLAppDelegate.m; sourceTree = "<group>"; };
		1D6058910D05DD3D006BFB54 /* RCL.app */ = {isa = PBXFileReference; explicitFileType = wrapper.application; includeInIndex = 0; path = RCL.app; sourceTree = BUILT_PRODUCTS_DIR; };
		1DF5F4DF0D08C38300B7A737 /* UIKit.framework */ = {isa = PBXFileReference; lastKnownFileType = wrapper.framework; name = UIKit.framework; path = System/Library/Frameworks/UIKit.framework; sourceTree = SDKROOT; };
		2892E40F0DC94CBA00A64D0F /* CoreGraphics.framework */ = {isa = PBXFileReference; lastKnownFileType = wrapper.framework; name = CoreGraphics.framework; path = System/Library/Frameworks/CoreGraphics.framework; sourceTree = SDKROOT; };
		28A0AAE50D9B0CCF005BE974 /* RCL_Prefix.pch */ = {isa = PBXFileReference; fileEncoding = 4; lastKnownFileType = sourcecode.c.h; path = RCL_Prefix.pch; sourceTree = "<group>"; };
		28AD735F0D9D9599002E5188 /* MainWindow.xib */ = {isa = PBXFileReference; lastKnownFileType = file.xib; path = MainWindow.xib; sourceTree = "<group>"; };
		28C286DF0D94DF7D0034E888 /* RootViewController.h */ = {isa = PBXFileReference; fileEncoding = 4; lastKnownFileType = sourcecode.c.h; path = RootViewController.h; sourceTree = "<group>"; };
		28C286E00D94DF7D0034E888 /* RootViewController.m */ = {isa = PBXFileReference; fileEncoding = 4; lastKnownFileType = sourcecode.c.objc; path = RootViewController.m; sourceTree = "<group>"; };
		28F335F01007B36200424DE2 /* RootViewController.xib */ = {isa = PBXFileReference; lastKnownFileType = file.xib; path = RootViewController.xib; sourceTree = "<group>"; };
		29B97316FDCFA39411CA2CEA /* main.m */ = {isa = PBXFileReference; fileEncoding = 4; lastKnownFileType = sourcecode.c.objc; path = main.m; sourceTree = "<group>"; };
		3B07FD2D131318B000CE0476 /* Unit Test-Info.plist */ = {isa = PBXFileReference; lastKnownFileType = text.plist.xml; path = "Unit Test-Info.plist"; sourceTree = "<group>"; };
		3B07FD36131318FC00CE0476 /* Unit Test.app */ = {isa = PBXFileReference; explicitFileType = wrapper.application; includeInIndex = 0; path = "Unit Test.app"; sourceTree = BUILT_PRODUCTS_DIR; };
		3B07FE001313231900CE0476 /* RCLCacheTest.h */ = {isa = PBXFileReference; fileEncoding = 4; lastKnownFileType = sourcecode.c.h; path = RCLCacheTest.h; sourceTree = "<group>"; };
		3B07FE011313231900CE0476 /* RCLCacheTest.m */ = {isa = PBXFileReference; fileEncoding = 4; lastKnownFileType = sourcecode.c.objc; path = RCLCacheTest.m; sourceTree = "<group>"; };
		3B07FE3A131325BA00CE0476 /* GTMDefines.h */ = {isa = PBXFileReference; fileEncoding = 4; lastKnownFileType = sourcecode.c.h; name = GTMDefines.h; path = "../Frameworks/google-toolbox-for-mac/GTMDefines.h"; sourceTree = SOURCE_ROOT; };
		3B07FE3B131325D400CE0476 /* GTMRegex.h */ = {isa = PBXFileReference; fileEncoding = 4; lastKnownFileType = sourcecode.c.h; name = GTMRegex.h; path = "../Frameworks/google-toolbox-for-mac/Foundation/GTMRegex.h"; sourceTree = SOURCE_ROOT; };
		3B07FE3C131325D400CE0476 /* GTMRegex.m */ = {isa = PBXFileReference; fileEncoding = 4; lastKnownFileType = sourcecode.c.objc; name = GTMRegex.m; path = "../Frameworks/google-toolbox-for-mac/Foundation/GTMRegex.m"; sourceTree = SOURCE_ROOT; };
		3B07FE3E1313260700CE0476 /* GTMObjC2Runtime.h */ = {isa = PBXFileReference; fileEncoding = 4; lastKnownFileType = sourcecode.c.h; name = GTMObjC2Runtime.h; path = "../Frameworks/google-toolbox-for-mac/Foundation/GTMObjC2Runtime.h"; sourceTree = SOURCE_ROOT; };
		3B07FE3F1313260700CE0476 /* GTMObjC2Runtime.m */ = {isa = PBXFileReference; fileEncoding = 4; lastKnownFileType = sourcecode.c.objc; name = GTMObjC2Runtime.m; path = "../Frameworks/google-toolbox-for-mac/Foundation/GTMObjC2Runtime.m"; sourceTree = SOURCE_ROOT; };
		3B07FE411313262A00CE0476 /* GTMIPhoneUnitTestDelegate.h */ = {isa = PBXFileReference; fileEncoding = 4; lastKnownFileType = sourcecode.c.h; name = GTMIPhoneUnitTestDelegate.h; path = "../Frameworks/google-toolbox-for-mac/UnitTesting/GTMIPhoneUnitTestDelegate.h"; sourceTree = SOURCE_ROOT; };
		3B07FE421313262B00CE0476 /* GTMIPhoneUnitTestDelegate.m */ = {isa = PBXFileReference; fileEncoding = 4; lastKnownFileType = sourcecode.c.objc; name = GTMIPhoneUnitTestDelegate.m; path = "../Frameworks/google-toolbox-for-mac/UnitTesting/GTMIPhoneUnitTestDelegate.m"; sourceTree = SOURCE_ROOT; };
		3B07FE431313262B00CE0476 /* GTMIPhoneUnitTestMain.m */ = {isa = PBXFileReference; fileEncoding = 4; lastKnownFileType = sourcecode.c.objc; name = GTMIPhoneUnitTestMain.m; path = "../Frameworks/google-toolbox-for-mac/UnitTesting/GTMIPhoneUnitTestMain.m"; sourceTree = SOURCE_ROOT; };
		3B07FE461313264400CE0476 /* GTMSenTestCase.h */ = {isa = PBXFileReference; fileEncoding = 4; lastKnownFileType = sourcecode.c.h; name = GTMSenTestCase.h; path = "../Frameworks/google-toolbox-for-mac/UnitTesting/GTMSenTestCase.h"; sourceTree = SOURCE_ROOT; };
		3B07FE471313264400CE0476 /* GTMSenTestCase.m */ = {isa = PBXFileReference; fileEncoding = 4; lastKnownFileType = sourcecode.c.objc; name = GTMSenTestCase.m; path = "../Frameworks/google-toolbox-for-mac/UnitTesting/GTMSenTestCase.m"; sourceTree = SOURCE_ROOT; };
		3B07FE491313265100CE0476 /* GTMUnitTestDevLog.h */ = {isa = PBXFileReference; fileEncoding = 4; lastKnownFileType = sourcecode.c.h; name = GTMUnitTestDevLog.h; path = "../Frameworks/google-toolbox-for-mac/UnitTesting/GTMUnitTestDevLog.h"; sourceTree = SOURCE_ROOT; };
		3B07FE4A1313265100CE0476 /* GTMUnitTestDevLog.m */ = {isa = PBXFileReference; fileEncoding = 4; lastKnownFileType = sourcecode.c.objc; name = GTMUnitTestDevLog.m; path = "../Frameworks/google-toolbox-for-mac/UnitTesting/GTMUnitTestDevLog.m"; sourceTree = SOURCE_ROOT; };
		3B0868411315B8E10050B886 /* RCLAsyncDownloaderTest.h */ = {isa = PBXFileReference; fileEncoding = 4; lastKnownFileType = sourcecode.c.h; path = RCLAsyncDownloaderTest.h; sourceTree = "<group>"; };
		3B0868421315B8E10050B886 /* RCLAsyncDownloaderTest.m */ = {isa = PBXFileReference; fileEncoding = 4; lastKnownFileType = sourcecode.c.objc; path = RCLAsyncDownloaderTest.m; sourceTree = "<group>"; };
		3B0DC6F5137BF0AD0082D297 /* RCLResources.bundle */ = {isa = PBXFileReference; lastKnownFileType = "wrapper.plug-in"; path = RCLResources.bundle; sourceTree = "<group>"; };
		3B4766DA138AFD91003B25C1 /* RCLLoadingView.h */ = {isa = PBXFileReference; fileEncoding = 4; lastKnownFileType = sourcecode.c.h; path = RCLLoadingView.h; sourceTree = "<group>"; };
		3B4766DB138AFD91003B25C1 /* RCLLoadingView.m */ = {isa = PBXFileReference; fileEncoding = 4; lastKnownFileType = sourcecode.c.objc; path = RCLLoadingView.m; sourceTree = "<group>"; };
		3B502693133A986F00F2A350 /* RCLMemoryCacheTest.h */ = {isa = PBXFileReference; fileEncoding = 4; lastKnownFileType = sourcecode.c.h; path = RCLMemoryCacheTest.h; sourceTree = "<group>"; };
		3B502694133A986F00F2A350 /* RCLMemoryCacheTest.m */ = {isa = PBXFileReference; fileEncoding = 4; lastKnownFileType = sourcecode.c.objc; path = RCLMemoryCacheTest.m; sourceTree = "<group>"; };
		3B5026AA133AA7F700F2A350 /* RCLTableViewController.h */ = {isa = PBXFileReference; fileEncoding = 4; lastKnownFileType = sourcecode.c.h; path = RCLTableViewController.h; sourceTree = "<group>"; };
		3B5026AB133AA7F700F2A350 /* RCLTableViewController.m */ = {isa = PBXFileReference; fileEncoding = 4; lastKnownFileType = sourcecode.c.objc; path = RCLTableViewController.m; sourceTree = "<group>"; };
		3B5026B3133AB13500F2A350 /* QuartzCore.framework */ = {isa = PBXFileReference; lastKnownFileType = wrapper.framework; name = QuartzCore.framework; path = System/Library/Frameworks/QuartzCore.framework; sourceTree = SDKROOT; };
		3B814C2D133D3FDA00EAB1F1 /* RCLRefreshTableViewController.h */ = {isa = PBXFileReference; fileEncoding = 4; lastKnownFileType = sourcecode.c.h; path = RCLRefreshTableViewController.h; sourceTree = "<group>"; };
		3B814C2E133D3FDA00EAB1F1 /* RCLRefreshTableViewController.m */ = {isa = PBXFileReference; fileEncoding = 4; lastKnownFileType = sourcecode.c.objc; path = RCLRefreshTableViewController.m; sourceTree = "<group>"; };
		3B82A008134CFD3C00C06671 /* RCLMVCExample.h */ = {isa = PBXFileReference; fileEncoding = 4; lastKnownFileType = sourcecode.c.h; path = RCLMVCExample.h; sourceTree = "<group>"; };
		3B82A009134CFD3C00C06671 /* RCLMVCExample.m */ = {isa = PBXFileReference; fileEncoding = 4; lastKnownFileType = sourcecode.c.objc; path = RCLMVCExample.m; sourceTree = "<group>"; };
		3B82A00A134CFD3C00C06671 /* RCLMVCExample.xib */ = {isa = PBXFileReference; fileEncoding = 4; lastKnownFileType = file.xib; path = RCLMVCExample.xib; sourceTree = "<group>"; };
		3B82A00E134CFD7900C06671 /* RCLMVCExample.xib */ = {isa = PBXFileReference; fileEncoding = 4; lastKnownFileType = file.xib; path = RCLMVCExample.xib; sourceTree = "<group>"; };
		3B8955B6137B23BF00144EC5 /* RCLBrowser.h */ = {isa = PBXFileReference; fileEncoding = 4; lastKnownFileType = sourcecode.c.h; path = RCLBrowser.h; sourceTree = "<group>"; };
		3B8955B7137B23BF00144EC5 /* RCLBrowser.m */ = {isa = PBXFileReference; fileEncoding = 4; lastKnownFileType = sourcecode.c.objc; path = RCLBrowser.m; sourceTree = "<group>"; };
		3B8C57A7134A5DFA00A2DABF /* RCLMapPin.h */ = {isa = PBXFileReference; fileEncoding = 4; lastKnownFileType = sourcecode.c.h; path = RCLMapPin.h; sourceTree = "<group>"; };
		3B8C57A8134A5DFA00A2DABF /* RCLMapPin.m */ = {isa = PBXFileReference; fileEncoding = 4; lastKnownFileType = sourcecode.c.objc; path = RCLMapPin.m; sourceTree = "<group>"; };
		3B8C57AC134A5E4700A2DABF /* MapKit.framework */ = {isa = PBXFileReference; lastKnownFileType = wrapper.framework; name = MapKit.framework; path = System/Library/Frameworks/MapKit.framework; sourceTree = SDKROOT; };
		3B8E32351316FB1200206157 /* RCLMemoryCache.h */ = {isa = PBXFileReference; fileEncoding = 4; lastKnownFileType = sourcecode.c.h; path = RCLMemoryCache.h; sourceTree = "<group>"; };
		3B8E32361316FB1200206157 /* RCLMemoryCache.m */ = {isa = PBXFileReference; fileEncoding = 4; lastKnownFileType = sourcecode.c.objc; path = RCLMemoryCache.m; sourceTree = "<group>"; };
		3B9148D1133DE24F004C185F /* RCLTVCExample.h */ = {isa = PBXFileReference; fileEncoding = 4; lastKnownFileType = sourcecode.c.h; path = RCLTVCExample.h; sourceTree = "<group>"; };
		3B9148D2133DE24F004C185F /* RCLTVCExample.m */ = {isa = PBXFileReference; fileEncoding = 4; lastKnownFileType = sourcecode.c.objc; path = RCLTVCExample.m; sourceTree = "<group>"; };
		3B918D8213032E4200776B29 /* RCLAsyncDownloader.h */ = {isa = PBXFileReference; fileEncoding = 4; lastKnownFileType = sourcecode.c.h; path = RCLAsyncDownloader.h; sourceTree = "<group>"; };
		3B918D8313032E4200776B29 /* RCLAsyncDownloader.m */ = {isa = PBXFileReference; fileEncoding = 4; lastKnownFileType = sourcecode.c.objc; path = RCLAsyncDownloader.m; sourceTree = "<group>"; };
		3B918D8513032E7500776B29 /* RCLCache.h */ = {isa = PBXFileReference; fileEncoding = 4; lastKnownFileType = sourcecode.c.h; path = RCLCache.h; sourceTree = "<group>"; };
		3B918D8613032E7500776B29 /* RCLCache.m */ = {isa = PBXFileReference; fileEncoding = 4; lastKnownFileType = sourcecode.c.objc; path = RCLCache.m; sourceTree = "<group>"; };
		3B918D8813032EA600776B29 /* RCLAsyncImageView.h */ = {isa = PBXFileReference; fileEncoding = 4; lastKnownFileType = sourcecode.c.h; path = RCLAsyncImageView.h; sourceTree = "<group>"; };
		3B918D8913032EA600776B29 /* RCLAsyncImageView.m */ = {isa = PBXFileReference; fileEncoding = 4; lastKnownFileType = sourcecode.c.objc; path = RCLAsyncImageView.m; sourceTree = "<group>"; };
		3B918DA61303343700776B29 /* RCLString.h */ = {isa = PBXFileReference; fileEncoding = 4; lastKnownFileType = sourcecode.c.h; path = RCLString.h; sourceTree = "<group>"; };
		3B918DA71303343700776B29 /* RCLString.m */ = {isa = PBXFileReference; fileEncoding = 4; lastKnownFileType = sourcecode.c.objc; path = RCLString.m; sourceTree = "<group>"; };
		3B92B5BB131AE1D9007AF47C /* RCLMapController.h */ = {isa = PBXFileReference; fileEncoding = 4; lastKnownFileType = sourcecode.c.h; path = RCLMapController.h; sourceTree = "<group>"; };
		3B92B5BC131AE1D9007AF47C /* RCLMapController.m */ = {isa = PBXFileReference; fileEncoding = 4; lastKnownFileType = sourcecode.c.objc; path = RCLMapController.m; sourceTree = "<group>"; };
		3B9D569113088F590036C804 /* RCL.h */ = {isa = PBXFileReference; fileEncoding = 4; lastKnownFileType = sourcecode.c.h; path = RCL.h; sourceTree = "<group>"; };
		8D1107310486CEB800E47090 /* RCL-Info.plist */ = {isa = PBXFileReference; fileEncoding = 4; lastKnownFileType = text.plist.xml; path = "RCL-Info.plist"; plistStructureDefinitionIdentifier = "com.apple.xcode.plist.structure-definition.iphone.info-plist"; sourceTree = "<group>"; };
/* End PBXFileReference section */

/* Begin PBXFrameworksBuildPhase section */
		1D60588F0D05DD3D006BFB54 /* Frameworks */ = {
			isa = PBXFrameworksBuildPhase;
			buildActionMask = 2147483647;
			files = (
				3B8C57AD134A5E4700A2DABF /* MapKit.framework in Frameworks */,
				1D60589F0D05DD5A006BFB54 /* Foundation.framework in Frameworks */,
				3B5026B5133AB15100F2A350 /* QuartzCore.framework in Frameworks */,
				1DF5F4E00D08C38300B7A737 /* UIKit.framework in Frameworks */,
				2892E4100DC94CBA00A64D0F /* CoreGraphics.framework in Frameworks */,
			);
			runOnlyForDeploymentPostprocessing = 0;
		};
		3B07FD34131318FC00CE0476 /* Frameworks */ = {
			isa = PBXFrameworksBuildPhase;
			buildActionMask = 2147483647;
			files = (
				3B5026B4133AB13500F2A350 /* QuartzCore.framework in Frameworks */,
			);
			runOnlyForDeploymentPostprocessing = 0;
		};
/* End PBXFrameworksBuildPhase section */

/* Begin PBXGroup section */
		080E96DDFE201D6D7F000001 /* Classes */ = {
			isa = PBXGroup;
			children = (
				3B918DA91303344000776B29 /* Categories */,
				28C286DF0D94DF7D0034E888 /* RootViewController.h */,
				28C286E00D94DF7D0034E888 /* RootViewController.m */,
				1D3623240D0F684500981E51 /* RCLAppDelegate.h */,
				1D3623250D0F684500981E51 /* RCLAppDelegate.m */,
				3B918D8213032E4200776B29 /* RCLAsyncDownloader.h */,
				3B918D8313032E4200776B29 /* RCLAsyncDownloader.m */,
				3B918D8513032E7500776B29 /* RCLCache.h */,
				3B918D8613032E7500776B29 /* RCLCache.m */,
				3B918D8813032EA600776B29 /* RCLAsyncImageView.h */,
				3B918D8913032EA600776B29 /* RCLAsyncImageView.m */,
				3B9D569113088F590036C804 /* RCL.h */,
				3B8E32351316FB1200206157 /* RCLMemoryCache.h */,
				3B8E32361316FB1200206157 /* RCLMemoryCache.m */,
				3B92B5BB131AE1D9007AF47C /* RCLMapController.h */,
				3B92B5BC131AE1D9007AF47C /* RCLMapController.m */,
				3B5026AA133AA7F700F2A350 /* RCLTableViewController.h */,
				3B5026AB133AA7F700F2A350 /* RCLTableViewController.m */,
				3B814C2D133D3FDA00EAB1F1 /* RCLRefreshTableViewController.h */,
				3B814C2E133D3FDA00EAB1F1 /* RCLRefreshTableViewController.m */,
				3B8C57A7134A5DFA00A2DABF /* RCLMapPin.h */,
				3B8C57A8134A5DFA00A2DABF /* RCLMapPin.m */,
				3B8955B6137B23BF00144EC5 /* RCLBrowser.h */,
				3B8955B7137B23BF00144EC5 /* RCLBrowser.m */,
				3B4766DA138AFD91003B25C1 /* RCLLoadingView.h */,
				3B4766DB138AFD91003B25C1 /* RCLLoadingView.m */,
			);
			path = Classes;
			sourceTree = "<group>";
		};
		19C28FACFE9D520D11CA2CBB /* Products */ = {
			isa = PBXGroup;
			children = (
				1D6058910D05DD3D006BFB54 /* RCL.app */,
				3B07FD36131318FC00CE0476 /* Unit Test.app */,
			);
			name = Products;
			sourceTree = "<group>";
		};
		29B97314FDCFA39411CA2CEA /* CustomTemplate */ = {
			isa = PBXGroup;
			children = (
				3B0DC6F5137BF0AD0082D297 /* RCLResources.bundle */,
				3B07FD3C13131A4900CE0476 /* Unit Testing */,
				3B9148D0133DE217004C185F /* Examples */,
				080E96DDFE201D6D7F000001 /* Classes */,
				29B97315FDCFA39411CA2CEA /* Other Sources */,
				29B97317FDCFA39411CA2CEA /* Resources */,
				29B97323FDCFA39411CA2CEA /* Frameworks */,
				19C28FACFE9D520D11CA2CBB /* Products */,
				3B07FD2D131318B000CE0476 /* Unit Test-Info.plist */,
			);
			name = CustomTemplate;
			sourceTree = "<group>";
		};
		29B97315FDCFA39411CA2CEA /* Other Sources */ = {
			isa = PBXGroup;
			children = (
				28A0AAE50D9B0CCF005BE974 /* RCL_Prefix.pch */,
				29B97316FDCFA39411CA2CEA /* main.m */,
			);
			name = "Other Sources";
			sourceTree = "<group>";
		};
		29B97317FDCFA39411CA2CEA /* Resources */ = {
			isa = PBXGroup;
			children = (
				28F335F01007B36200424DE2 /* RootViewController.xib */,
				28AD735F0D9D9599002E5188 /* MainWindow.xib */,
				8D1107310486CEB800E47090 /* RCL-Info.plist */,
				3B82A00E134CFD7900C06671 /* RCLMVCExample.xib */,
			);
			name = Resources;
			sourceTree = "<group>";
		};
		29B97323FDCFA39411CA2CEA /* Frameworks */ = {
			isa = PBXGroup;
			children = (
				3B8C57AC134A5E4700A2DABF /* MapKit.framework */,
				3B5026B3133AB13500F2A350 /* QuartzCore.framework */,
				1DF5F4DF0D08C38300B7A737 /* UIKit.framework */,
				1D30AB110D05D00D00671497 /* Foundation.framework */,
				2892E40F0DC94CBA00A64D0F /* CoreGraphics.framework */,
			);
			name = Frameworks;
			sourceTree = "<group>";
		};
		3B07FD3C13131A4900CE0476 /* Unit Testing */ = {
			isa = PBXGroup;
			children = (
				3B07FE461313264400CE0476 /* GTMSenTestCase.h */,
				3B07FE491313265100CE0476 /* GTMUnitTestDevLog.h */,
				3B07FE4A1313265100CE0476 /* GTMUnitTestDevLog.m */,
				3B07FE471313264400CE0476 /* GTMSenTestCase.m */,
				3B07FE411313262A00CE0476 /* GTMIPhoneUnitTestDelegate.h */,
				3B07FE421313262B00CE0476 /* GTMIPhoneUnitTestDelegate.m */,
				3B07FE431313262B00CE0476 /* GTMIPhoneUnitTestMain.m */,
				3B07FE3E1313260700CE0476 /* GTMObjC2Runtime.h */,
				3B07FE3F1313260700CE0476 /* GTMObjC2Runtime.m */,
				3B07FE3A131325BA00CE0476 /* GTMDefines.h */,
				3B07FE3B131325D400CE0476 /* GTMRegex.h */,
				3B07FE3C131325D400CE0476 /* GTMRegex.m */,
				3B07FDFF131322E500CE0476 /* Tests */,
			);
			name = "Unit Testing";
			sourceTree = "<group>";
		};
		3B07FDFF131322E500CE0476 /* Tests */ = {
			isa = PBXGroup;
			children = (
				3B07FE001313231900CE0476 /* RCLCacheTest.h */,
				3B07FE011313231900CE0476 /* RCLCacheTest.m */,
				3B0868411315B8E10050B886 /* RCLAsyncDownloaderTest.h */,
				3B0868421315B8E10050B886 /* RCLAsyncDownloaderTest.m */,
				3B502693133A986F00F2A350 /* RCLMemoryCacheTest.h */,
				3B502694133A986F00F2A350 /* RCLMemoryCacheTest.m */,
			);
			name = Tests;
			sourceTree = "<group>";
		};
		3B9148D0133DE217004C185F /* Examples */ = {
			isa = PBXGroup;
			children = (
				3B9148D1133DE24F004C185F /* RCLTVCExample.h */,
				3B9148D2133DE24F004C185F /* RCLTVCExample.m */,
				3B82A008134CFD3C00C06671 /* RCLMVCExample.h */,
				3B82A009134CFD3C00C06671 /* RCLMVCExample.m */,
				3B82A00A134CFD3C00C06671 /* RCLMVCExample.xib */,
			);
			path = Examples;
			sourceTree = "<group>";
		};
		3B918DA91303344000776B29 /* Categories */ = {
			isa = PBXGroup;
			children = (
				3B918DA61303343700776B29 /* RCLString.h */,
				3B918DA71303343700776B29 /* RCLString.m */,
			);
			name = Categories;
			sourceTree = "<group>";
		};
/* End PBXGroup section */

/* Begin PBXNativeTarget section */
		1D6058900D05DD3D006BFB54 /* RCL */ = {
			isa = PBXNativeTarget;
			buildConfigurationList = 1D6058960D05DD3E006BFB54 /* Build configuration list for PBXNativeTarget "RCL" */;
			buildPhases = (
				1D60588D0D05DD3D006BFB54 /* Resources */,
				1D60588E0D05DD3D006BFB54 /* Sources */,
				1D60588F0D05DD3D006BFB54 /* Frameworks */,
			);
			buildRules = (
			);
			dependencies = (
			);
			name = RCL;
			productName = RCL;
			productReference = 1D6058910D05DD3D006BFB54 /* RCL.app */;
			productType = "com.apple.product-type.application";
		};
		3B07FD35131318FC00CE0476 /* Unit Test */ = {
			isa = PBXNativeTarget;
			buildConfigurationList = 3B07FD3B131318FF00CE0476 /* Build configuration list for PBXNativeTarget "Unit Test" */;
			buildPhases = (
				3B07FD32131318FC00CE0476 /* Resources */,
				3B07FD33131318FC00CE0476 /* Sources */,
				3B07FD34131318FC00CE0476 /* Frameworks */,
				3B07FDCE1313209100CE0476 /* ShellScript */,
			);
			buildRules = (
			);
			dependencies = (
			);
			name = "Unit Test";
			productName = "Unit Test";
			productReference = 3B07FD36131318FC00CE0476 /* Unit Test.app */;
			productType = "com.apple.product-type.application";
		};
/* End PBXNativeTarget section */

/* Begin PBXProject section */
		29B97313FDCFA39411CA2CEA /* Project object */ = {
			isa = PBXProject;
			buildConfigurationList = C01FCF4E08A954540054247B /* Build configuration list for PBXProject "RCL" */;
			compatibilityVersion = "Xcode 3.1";
			developmentRegion = English;
			hasScannedForEncodings = 1;
			knownRegions = (
				English,
				Japanese,
				French,
				German,
				en,
			);
			mainGroup = 29B97314FDCFA39411CA2CEA /* CustomTemplate */;
			projectDirPath = "";
			projectRoot = "";
			targets = (
				1D6058900D05DD3D006BFB54 /* RCL */,
				3B07FD35131318FC00CE0476 /* Unit Test */,
			);
		};
/* End PBXProject section */

/* Begin PBXResourcesBuildPhase section */
		1D60588D0D05DD3D006BFB54 /* Resources */ = {
			isa = PBXResourcesBuildPhase;
			buildActionMask = 2147483647;
			files = (
				28AD73600D9D9599002E5188 /* MainWindow.xib in Resources */,
				28F335F11007B36200424DE2 /* RootViewController.xib in Resources */,
				3B82A00C134CFD3C00C06671 /* RCLMVCExample.xib in Resources */,
				3B82A00F134CFD7900C06671 /* RCLMVCExample.xib in Resources */,
				3B0DC6F6137BF0AD0082D297 /* RCLResources.bundle in Resources */,
			);
			runOnlyForDeploymentPostprocessing = 0;
		};
		3B07FD32131318FC00CE0476 /* Resources */ = {
			isa = PBXResourcesBuildPhase;
			buildActionMask = 2147483647;
			files = (
			);
			runOnlyForDeploymentPostprocessing = 0;
		};
/* End PBXResourcesBuildPhase section */

/* Begin PBXShellScriptBuildPhase section */
		3B07FDCE1313209100CE0476 /* ShellScript */ = {
			isa = PBXShellScriptBuildPhase;
			buildActionMask = 2147483647;
			files = (
			);
			inputPaths = (
				"$(SRCROOT)/../Frameworks/google-toolbox-for-mac/UnitTesting/RunIPhoneUnitTest.sh",
			);
			outputPaths = (
			);
			runOnlyForDeploymentPostprocessing = 0;
			shellPath = /bin/sh;
			shellScript = "";
		};
/* End PBXShellScriptBuildPhase section */

/* Begin PBXSourcesBuildPhase section */
		1D60588E0D05DD3D006BFB54 /* Sources */ = {
			isa = PBXSourcesBuildPhase;
			buildActionMask = 2147483647;
			files = (
				1D60589B0D05DD56006BFB54 /* main.m in Sources */,
				1D3623260D0F684500981E51 /* RCLAppDelegate.m in Sources */,
				28C286E10D94DF7D0034E888 /* RootViewController.m in Sources */,
				3B918D8413032E4200776B29 /* RCLAsyncDownloader.m in Sources */,
				3B918D8713032E7500776B29 /* RCLCache.m in Sources */,
				3B918D8A13032EA600776B29 /* RCLAsyncImageView.m in Sources */,
				3B918DA81303343700776B29 /* RCLString.m in Sources */,
				3B92B5BD131AE1D9007AF47C /* RCLMapController.m in Sources */,
				3B5026AD133AA7F700F2A350 /* RCLTableViewController.m in Sources */,
				3B814C2F133D3FDA00EAB1F1 /* RCLRefreshTableViewController.m in Sources */,
				3B9148D3133DE24F004C185F /* RCLTVCExample.m in Sources */,
				3B8C57A9134A5DFB00A2DABF /* RCLMapPin.m in Sources */,
				3B82A00B134CFD3C00C06671 /* RCLMVCExample.m in Sources */,
				3B8955B9137B23BF00144EC5 /* RCLBrowser.m in Sources */,
				3B4766DC138AFD91003B25C1 /* RCLLoadingView.m in Sources */,
			);
			runOnlyForDeploymentPostprocessing = 0;
		};
		3B07FD33131318FC00CE0476 /* Sources */ = {
			isa = PBXSourcesBuildPhase;
			buildActionMask = 2147483647;
			files = (
				3B0868541315BD460050B886 /* RCLAsyncDownloader.m in Sources */,
				3B0868561315BD460050B886 /* RCLAsyncImageView.m in Sources */,
				3B07FDFA131322B200CE0476 /* RCLString.m in Sources */,
				3B07FDFC131322B200CE0476 /* RCLCache.m in Sources */,
				3B07FE021313231900CE0476 /* RCLCacheTest.m in Sources */,
				3B07FE3D131325D400CE0476 /* GTMRegex.m in Sources */,
				3B07FE401313260700CE0476 /* GTMObjC2Runtime.m in Sources */,
				3B07FE441313262B00CE0476 /* GTMIPhoneUnitTestDelegate.m in Sources */,
				3B07FE451313262B00CE0476 /* GTMIPhoneUnitTestMain.m in Sources */,
				3B07FE481313264400CE0476 /* GTMSenTestCase.m in Sources */,
				3B07FE4B1313265100CE0476 /* GTMUnitTestDevLog.m in Sources */,
				3B0868431315B8E10050B886 /* RCLAsyncDownloaderTest.m in Sources */,
				3B8E32371316FB1200206157 /* RCLMemoryCache.m in Sources */,
				3B502695133A986F00F2A350 /* RCLMemoryCacheTest.m in Sources */,
				3B5026AE133AA7F700F2A350 /* RCLTableViewController.m in Sources */,
				3B814C30133D3FDA00EAB1F1 /* RCLRefreshTableViewController.m in Sources */,
				3B8C57AA134A5DFB00A2DABF /* RCLMapPin.m in Sources */,
			);
			runOnlyForDeploymentPostprocessing = 0;
		};
/* End PBXSourcesBuildPhase section */

/* Begin XCBuildConfiguration section */
		1D6058940D05DD3E006BFB54 /* Debug */ = {
			isa = XCBuildConfiguration;
			buildSettings = {
				ALWAYS_SEARCH_USER_PATHS = NO;
				COPY_PHASE_STRIP = NO;
				GCC_DYNAMIC_NO_PIC = NO;
				GCC_OPTIMIZATION_LEVEL = 0;
				GCC_PRECOMPILE_PREFIX_HEADER = YES;
				GCC_PREFIX_HEADER = RCL_Prefix.pch;
				INFOPLIST_FILE = "RCL-Info.plist";
				PRODUCT_NAME = RCL;
			};
			name = Debug;
		};
		1D6058950D05DD3E006BFB54 /* Release */ = {
			isa = XCBuildConfiguration;
			buildSettings = {
				ALWAYS_SEARCH_USER_PATHS = NO;
				COPY_PHASE_STRIP = YES;
				GCC_PRECOMPILE_PREFIX_HEADER = YES;
				GCC_PREFIX_HEADER = RCL_Prefix.pch;
				INFOPLIST_FILE = "RCL-Info.plist";
				PRODUCT_NAME = RCL;
				VALIDATE_PRODUCT = YES;
			};
			name = Release;
		};
		3B07FD38131318FF00CE0476 /* Debug */ = {
			isa = XCBuildConfiguration;
			buildSettings = {
				ALWAYS_SEARCH_USER_PATHS = NO;
				CODE_SIGN_IDENTITY = "iPhone Developer";
				COPY_PHASE_STRIP = NO;
				GCC_DYNAMIC_NO_PIC = NO;
				GCC_OPTIMIZATION_LEVEL = 0;
				GCC_PRECOMPILE_PREFIX_HEADER = YES;
				GCC_PREFIX_HEADER = "$(SYSTEM_LIBRARY_DIR)/Frameworks/UIKit.framework/Headers/UIKit.h";
				INFOPLIST_FILE = "Unit Test-Info.plist";
				INSTALL_PATH = "$(HOME)/Applications";
				OTHER_LDFLAGS = (
					"-framework",
					Foundation,
					"-framework",
					UIKit,
				);
				PREBINDING = NO;
				PRODUCT_NAME = "Unit Test";
			};
			name = Debug;
		};
		3B07FD39131318FF00CE0476 /* Release */ = {
			isa = XCBuildConfiguration;
			buildSettings = {
				ALWAYS_SEARCH_USER_PATHS = NO;
				CODE_SIGN_IDENTITY = "iPhone Developer";
				COPY_PHASE_STRIP = YES;
				DEBUG_INFORMATION_FORMAT = "dwarf-with-dsym";
				GCC_ENABLE_FIX_AND_CONTINUE = NO;
				GCC_PRECOMPILE_PREFIX_HEADER = YES;
				GCC_PREFIX_HEADER = "$(SYSTEM_LIBRARY_DIR)/Frameworks/UIKit.framework/Headers/UIKit.h";
				INFOPLIST_FILE = "Unit Test-Info.plist";
				INSTALL_PATH = "$(HOME)/Applications";
				OTHER_LDFLAGS = (
					"-framework",
					Foundation,
					"-framework",
					UIKit,
				);
				PREBINDING = NO;
				PRODUCT_NAME = "Unit Test";
				SDKROOT = iphoneos;
				ZERO_LINK = NO;
			};
			name = Release;
		};
		C01FCF4F08A954540054247B /* Debug */ = {
			isa = XCBuildConfiguration;
			buildSettings = {
				ARCHS = "$(ARCHS_STANDARD_32_BIT)";
				"CODE_SIGN_IDENTITY[sdk=iphoneos*]" = "iPhone Developer";
				GCC_C_LANGUAGE_STANDARD = c99;
				GCC_WARN_ABOUT_RETURN_TYPE = YES;
				GCC_WARN_UNUSED_VARIABLE = YES;
				PREBINDING = NO;
				SDKROOT = iphoneos;
			};
			name = Debug;
		};
		C01FCF5008A954540054247B /* Release */ = {
			isa = XCBuildConfiguration;
			buildSettings = {
				ARCHS = "$(ARCHS_STANDARD_32_BIT)";
				"CODE_SIGN_IDENTITY[sdk=iphoneos*]" = "iPhone Developer";
				GCC_C_LANGUAGE_STANDARD = c99;
				GCC_WARN_ABOUT_RETURN_TYPE = YES;
				GCC_WARN_UNUSED_VARIABLE = YES;
				OTHER_CFLAGS = "-DNS_BLOCK_ASSERTIONS=1";
				PREBINDING = NO;
				SDKROOT = iphoneos;
			};
			name = Release;
		};
/* End XCBuildConfiguration section */

/* Begin XCConfigurationList section */
		1D6058960D05DD3E006BFB54 /* Build configuration list for PBXNativeTarget "RCL" */ = {
			isa = XCConfigurationList;
			buildConfigurations = (
				1D6058940D05DD3E006BFB54 /* Debug */,
				1D6058950D05DD3E006BFB54 /* Release */,
			);
			defaultConfigurationIsVisible = 0;
			defaultConfigurationName = Release;
		};
		3B07FD3B131318FF00CE0476 /* Build configuration list for PBXNativeTarget "Unit Test" */ = {
			isa = XCConfigurationList;
			buildConfigurations = (
				3B07FD38131318FF00CE0476 /* Debug */,
				3B07FD39131318FF00CE0476 /* Release */,
			);
			defaultConfigurationIsVisible = 0;
			defaultConfigurationName = Release;
		};
		C01FCF4E08A954540054247B /* Build configuration list for PBXProject "RCL" */ = {
			isa = XCConfigurationList;
			buildConfigurations = (
				C01FCF4F08A954540054247B /* Debug */,
				C01FCF5008A954540054247B /* Release */,
			);
			defaultConfigurationIsVisible = 0;
			defaultConfigurationName = Release;
		};
/* End XCConfigurationList section */
	};
	rootObject = 29B97313FDCFA39411CA2CEA /* Project object */;
}
